{
  "name": "training-kit",
  "version": "1.0.0",
  "lockfileVersion": 2,
  "requires": true,
  "packages": {
    "": {
      "name": "training-kit",
      "version": "1.0.0",
      "license": "ISC",
      "dependencies": {
        "@primer/css": "^20.4.8"
      }
    },
    "node_modules/@primer/css": {
      "version": "20.4.8",
      "resolved": "https://registry.npmjs.org/@primer/css/-/css-20.4.8.tgz",
      "integrity": "sha512-dMqc1iG3Aq1vfAiOMJMmY2QipfVpDM+B+PJPT/2GzXIKXN0VgAfxj77zfnu5a60qGXsBE7Rfk3YPGtmHOhxE1Q==",
      "dependencies": {
        "@primer/primitives": "^7.9.0"
      },
      "engines": {
        "node": "^12.20.0 || ^14.13.1 || >=16.0.0"
      }
    },
    "node_modules/@primer/primitives": {
      "version": "7.10.0",
      "resolved": "https://registry.npmjs.org/@primer/primitives/-/primitives-7.10.0.tgz",
      "integrity": "sha512-DdLHq21e93R9qDHyRuRpytBLY0Up9IwNWMOUgPNW6lRSng4N4+IdUlLS3Ekbasmxfs8Z8vKS8aezeYovQ5qsxQ=="
    }
  },
  "dependencies": {
    "@primer/css": {
      "version": "20.4.8",
      "resolved": "https://registry.npmjs.org/@primer/css/-/css-20.4.8.tgz",
      "integrity": "sha512-dMqc1iG3Aq1vfAiOMJMmY2QipfVpDM+B+PJPT/2GzXIKXN0VgAfxj77zfnu5a60qGXsBE7Rfk3YPGtmHOhxE1Q==",
      "requires": {
        "@primer/primitives": "^7.9.0"
      }
    },
    "@primer/primitives": {
      "version": "7.10.0",
      "resolved": "https://registry.npmjs.org/@primer/primitives/-/primitives-7.10.0.tgz",
      "integrity": "sha512-DdLHq21e93R9qDHyRuRpytBLY0Up9IwNWMOUgPNW6lRSng4N4+IdUlLS3Ekbasmxfs8Z8vKS8aezeYovQ5qsxQ=="
    }
  }
}
